{
  "version": 4,
  "terraform_version": "1.1.8",
  "serial": 75,
  "lineage": "86cba8ee-8177-e6fd-a2f5-b5dbad6aa713",
  "outputs": {
    "key_name": {
      "value": "TEST",
      "type": "string"
    },
    "private_ip": {
      "value": "10.0.2.180",
      "type": "string"
    },
    "public_ip": {
      "value": "3.145.200.174",
      "type": "string"
    },
    "ssh_keypair": {
      "value": "-----BEGIN RSA PRIVATE KEY-----\nMIIEpAIBAAKCAQEAptMVnLH5OE0Ihy98BgowewbUCaRE94N98Yxko4m2LfEZGFYW\nJWlxkdxbmc8kDX83MBB1n6FM3DvrNLYs6lr65KOHk4Zp+L6jCVIc02FpVH9z2xiO\nMAHcWMoXZmgA9cxzwtgg4XNhpf7ClgI4UeWhrS9np+T/AWxWkRjZc/865qN+QxU1\nC+44v7hPMdP/UlHKuxb2CWnoWdNI4M2We2bP32emxDZBqv+vAU2vEvWnRV7k1cSF\nNyH+PeeYEfCb+JbjFlnXEDBWOc/eYZL5DvtQu1Noi+Y4Bp5WnL0jIRyDe5VyOu8L\nGiV1eYB4elCXUs+b2MVS49XI8jCIlptoX3yYWQIDAQABAoIBAGsWMthcMmOep2vH\n4nAqGEbQ8kmiJhdQVAc7HNsRql1BV9+UWzD2x81ey3onSrhTQkTbO/YVX7Y7zFcQ\n3jIt5sHf60aa0Om4zgVMrW5PKILyMZeh4pwUhbKFP5IgDwW5kVGw1SKDo1of+B69\nHBQOOMNoG7zdtYffWI5ZijT40IF9xl1oSaEMKPPd99z4TgJIonIh6IZH1nSChuzr\nkcZoJwwAYjbsyQyfncdybjlla4zXbLJhSFuIwoW0XbWQkFuotJ+VWn2ev7rkj18j\njorX8OgP94y+Yw8GlNRhO02erOsi5h6E9naS8pkSB9ooxt0RZ+oo9LAOmjO6lol6\nTrvsilECgYEAzsa5kqC4HKIqqdpECjz4sxIz8iT/5Zsyd/YtVgRwEqrJrSIdQ2uQ\n9arbIh4LsWYK3nDIizWdr5nunNVDkaql7Hq9GurTvZQRcxb7FCMFr4En4IHsJZAf\nN8tTFq6YIdM0Mf/Zz5xyWGHgbcm4FBAW9bJtfbU/q2WtUbZx3ZdGWOUCgYEAzomj\nV7uLPgpd9R0km5WMRutK+LG6WYSfsAqTmjptpFWPWdnkqQWAyFNDe7fgAVwWhjXG\nbZWCWO8VWSg0GkbgO7dXw638b2di9+9v1kc3h0R/WhQzT6QxXTK0Z/bUIaFF/+hB\nmAnF+IOH6gwk9b/R7V401mMD2ua7zjP4GrVzDmUCgYAfVvVXaO6ewGFw/vjjCFy1\nX2PqJnt2hHBAyFoUuHV4DtSkXhBLYKlG4s91u1IQYCPzlOqAVu8AZ3dH4/bqxA+D\n6RJyWvceu6ttYyVI5wn8kLnHiEmPY+mnXjTIskuyjL1TerC7i7208Zi/axxwRgQE\n1zdLH0Z4Jt//C4T0jfIGlQKBgQCuZiSKUW+rTH+4GQqvYaEYxVgCFbkAG+/na5bl\nVU79w82PFmFxo5byEPTbxBEftM3EOCY8pFFznTaOmVcdlRmE8zTlo8WToF4+c20h\nJ/OogdtzibkmF8QjKUySuSa42wBLraetpRsI1K/wnp6a8IVoBPNi0CsSLWEKJnHq\nw6rKzQKBgQCTx9bgK7PWPfj//Cm+39Qnp8yqCTiMRTIvZ+ioa2rZ4SXa/FWqQ8N1\n8INqR0HhcLhVV6Q10IVpQ3E81u4fpsO/qe/jMZwGNv9yd9OS3NX5oymQmu8hbf8P\nnpl0fp6ATuc9L5740vXCE23WXpE6kOEQrBzSy9rDs3xprM0g7eWiqQ==\n-----END RSA PRIVATE KEY-----\n",
      "type": "string",
      "sensitive": true
    }
  },
  "resources": [
    {
      "mode": "managed",
      "type": "aws_eip",
      "name": "nateIP",
      "provider": "provider[\"registry.terraform.io/hashicorp/aws\"]",
      "instances": [
        {
          "schema_version": 0,
          "attributes": {
            "address": null,
            "allocation_id": "eipalloc-0a0c59dde782f383e",
            "associate_with_private_ip": null,
            "association_id": "eipassoc-0acfd65429a8ac34e",
            "carrier_ip": "",
            "customer_owned_ip": "",
            "customer_owned_ipv4_pool": "",
            "domain": "vpc",
            "id": "eipalloc-0a0c59dde782f383e",
            "instance": "",
            "network_border_group": "us-east-2",
            "network_interface": "eni-09f8aa69f1cf820fc",
            "private_dns": "ip-10-0-1-243.us-east-2.compute.internal",
            "private_ip": "10.0.1.243",
            "public_dns": "ec2-18-224-155-153.us-east-2.compute.amazonaws.com",
            "public_ip": "18.224.155.153",
            "public_ipv4_pool": "amazon",
            "tags": {},
            "tags_all": {},
            "timeouts": null,
            "vpc": true
          },
          "sensitive_attributes": [],
          "private": "eyJlMmJmYjczMC1lY2FhLTExZTYtOGY4OC0zNDM2M2JjN2M0YzAiOnsiZGVsZXRlIjoxODAwMDAwMDAwMDAsInJlYWQiOjkwMDAwMDAwMDAwMCwidXBkYXRlIjozMDAwMDAwMDAwMDB9fQ=="
        }
      ]
    },
    {
      "mode": "managed",
      "type": "aws_instance",
      "name": "ec2_private",
      "provider": "provider[\"registry.terraform.io/hashicorp/aws\"]",
      "instances": [
        {
          "schema_version": 1,
          "attributes": {
            "ami": "ami-0a02eadc6d8770f83",
            "arn": "arn:aws:ec2:us-east-2:885300287765:instance/i-0d80764216b300b42",
            "associate_public_ip_address": false,
            "availability_zone": "us-east-2b",
            "capacity_reservation_specification": [
              {
                "capacity_reservation_preference": "open",
                "capacity_reservation_target": []
              }
            ],
            "cpu_core_count": 1,
            "cpu_threads_per_core": 1,
            "credit_specification": [
              {
                "cpu_credits": "standard"
              }
            ],
            "disable_api_termination": false,
            "ebs_block_device": [],
            "ebs_optimized": false,
            "enclave_options": [
              {
                "enabled": false
              }
            ],
            "ephemeral_block_device": [],
            "get_password_data": false,
            "hibernation": false,
            "host_id": null,
            "iam_instance_profile": "",
            "id": "i-0d80764216b300b42",
            "instance_initiated_shutdown_behavior": "stop",
            "instance_state": "running",
            "instance_type": "t2.micro",
            "ipv6_address_count": 0,
            "ipv6_addresses": [],
            "key_name": "TEST",
            "launch_template": [],
            "metadata_options": [
              {
                "http_endpoint": "enabled",
                "http_put_response_hop_limit": 1,
                "http_tokens": "optional",
                "instance_metadata_tags": "disabled"
              }
            ],
            "monitoring": false,
            "network_interface": [],
            "outpost_arn": "",
            "password_data": "",
            "placement_group": "",
            "placement_partition_number": null,
            "primary_network_interface_id": "eni-0a5a275b7ee8322df",
            "private_dns": "ip-10-0-2-180.us-east-2.compute.internal",
            "private_ip": "10.0.2.180",
            "public_dns": "",
            "public_ip": "",
            "root_block_device": [
              {
                "delete_on_termination": true,
                "device_name": "/dev/xvda",
                "encrypted": true,
                "iops": 0,
                "kms_key_id": "arn:aws:kms:us-east-2:885300287765:key/e70e7ae4-1cc8-4f42-afbc-c2d154c9e83d",
                "tags": {},
                "throughput": 0,
                "volume_id": "vol-08c7fc8e89742b050",
                "volume_size": 8,
                "volume_type": "standard"
              }
            ],
            "secondary_private_ips": [],
            "security_groups": [
              "sg-043e5028f83be5be1"
            ],
            "source_dest_check": true,
            "subnet_id": "subnet-038672d1758e457ce",
            "tags": {
              "Name": "EC2-Private"
            },
            "tags_all": {
              "Name": "EC2-Private"
            },
            "tenancy": "default",
            "timeouts": null,
            "user_data": null,
            "user_data_base64": null,
            "user_data_replace_on_change": false,
            "volume_tags": null,
            "vpc_security_group_ids": [
              "sg-043e5028f83be5be1"
            ]
          },
          "sensitive_attributes": [],
          "private": "eyJlMmJmYjczMC1lY2FhLTExZTYtOGY4OC0zNDM2M2JjN2M0YzAiOnsiY3JlYXRlIjo2MDAwMDAwMDAwMDAsImRlbGV0ZSI6MTIwMDAwMDAwMDAwMCwidXBkYXRlIjo2MDAwMDAwMDAwMDB9LCJzY2hlbWFfdmVyc2lvbiI6IjEifQ==",
          "dependencies": [
            "aws_security_group.webserver-security-group",
            "aws_subnet.main_private"
          ],
          "create_before_destroy": true
        }
      ]
    },
    {
      "mode": "managed",
      "type": "aws_instance",
      "name": "ec2_public",
      "provider": "provider[\"registry.terraform.io/hashicorp/aws\"]",
      "instances": [
        {
          "schema_version": 1,
          "attributes": {
            "ami": "ami-04bbce71bc531eb30",
            "arn": "arn:aws:ec2:us-east-2:885300287765:instance/i-064c9b1ca7a76f720",
            "associate_public_ip_address": true,
            "availability_zone": "us-east-2b",
            "capacity_reservation_specification": [
              {
                "capacity_reservation_preference": "open",
                "capacity_reservation_target": []
              }
            ],
            "cpu_core_count": 1,
            "cpu_threads_per_core": 1,
            "credit_specification": [
              {
                "cpu_credits": "standard"
              }
            ],
            "disable_api_termination": false,
            "ebs_block_device": [],
            "ebs_optimized": false,
            "enclave_options": [
              {
                "enabled": false
              }
            ],
            "ephemeral_block_device": [],
            "get_password_data": false,
            "hibernation": false,
            "host_id": null,
            "iam_instance_profile": "",
            "id": "i-064c9b1ca7a76f720",
            "instance_initiated_shutdown_behavior": "stop",
            "instance_state": "running",
            "instance_type": "t2.micro",
            "ipv6_address_count": 0,
            "ipv6_addresses": [],
            "key_name": "TEST",
            "launch_template": [],
            "metadata_options": [
              {
                "http_endpoint": "enabled",
                "http_put_response_hop_limit": 1,
                "http_tokens": "optional",
                "instance_metadata_tags": "disabled"
              }
            ],
            "monitoring": false,
            "network_interface": [],
            "outpost_arn": "",
            "password_data": "",
            "placement_group": "",
            "placement_partition_number": null,
            "primary_network_interface_id": "eni-05452bd7108204f20",
            "private_dns": "ip-10-0-1-106.us-east-2.compute.internal",
            "private_ip": "10.0.1.106",
            "public_dns": "",
            "public_ip": "3.145.200.174",
            "root_block_device": [
              {
                "delete_on_termination": true,
                "device_name": "/dev/xvda",
                "encrypted": true,
                "iops": 100,
                "kms_key_id": "arn:aws:kms:us-east-2:885300287765:key/e70e7ae4-1cc8-4f42-afbc-c2d154c9e83d",
                "tags": {},
                "throughput": 0,
                "volume_id": "vol-0c2e480b0f2caf352",
                "volume_size": 8,
                "volume_type": "gp2"
              }
            ],
            "secondary_private_ips": [],
            "security_groups": [
              "sg-015ce6992bc310407"
            ],
            "source_dest_check": true,
            "subnet_id": "subnet-0e8f0209d0adaf444",
            "tags": {
              "Name": "EC2-PUBLIC"
            },
            "tags_all": {
              "Name": "EC2-PUBLIC"
            },
            "tenancy": "default",
            "timeouts": null,
            "user_data": null,
            "user_data_base64": null,
            "user_data_replace_on_change": false,
            "volume_tags": null,
            "vpc_security_group_ids": [
              "sg-015ce6992bc310407"
            ]
          },
          "sensitive_attributes": [],
          "private": "eyJlMmJmYjczMC1lY2FhLTExZTYtOGY4OC0zNDM2M2JjN2M0YzAiOnsiY3JlYXRlIjo2MDAwMDAwMDAwMDAsImRlbGV0ZSI6MTIwMDAwMDAwMDAwMCwidXBkYXRlIjo2MDAwMDAwMDAwMDB9LCJzY2hlbWFfdmVyc2lvbiI6IjEifQ==",
          "dependencies": [
            "aws_security_group.ssh-security-group",
            "aws_subnet.main"
          ],
          "create_before_destroy": true
        }
      ]
    },
    {
      "mode": "managed",
      "type": "aws_internet_gateway",
      "name": "gw",
      "provider": "provider[\"registry.terraform.io/hashicorp/aws\"]",
      "instances": [
        {
          "schema_version": 0,
          "attributes": {
            "arn": "arn:aws:ec2:us-east-2:885300287765:internet-gateway/igw-0a84d6f27d8a2f094",
            "id": "igw-0a84d6f27d8a2f094",
            "owner_id": "885300287765",
            "tags": {
              "Name": "main igw"
            },
            "tags_all": {
              "Name": "main igw"
            },
            "vpc_id": "vpc-016fb7277d0d9ef67"
          },
          "sensitive_attributes": [],
          "private": "bnVsbA==",
          "dependencies": [
            "aws_vpc.main"
          ]
        }
      ]
    },
    {
      "mode": "managed",
      "type": "aws_key_pair",
      "name": "key_pair",
      "provider": "provider[\"registry.terraform.io/hashicorp/aws\"]",
      "instances": [
        {
          "schema_version": 1,
          "attributes": {
            "arn": "arn:aws:ec2:us-east-2:885300287765:key-pair/TEST",
            "fingerprint": "a0:60:01:ff:15:a1:b8:2a:46:18:0a:14:fa:e6:78:52",
            "id": "TEST",
            "key_name": "TEST",
            "key_name_prefix": "",
            "key_pair_id": "key-0995287fc53fd9654",
            "public_key": "ssh-rsa AAAAB3NzaC1yc2EAAAADAQABAAABAQCm0xWcsfk4TQiHL3wGCjB7BtQJpET3g33xjGSjibYt8RkYVhYlaXGR3FuZzyQNfzcwEHWfoUzcO+s0tizqWvrko4eThmn4vqMJUhzTYWlUf3PbGI4wAdxYyhdmaAD1zHPC2CDhc2Gl/sKWAjhR5aGtL2en5P8BbFaRGNlz/zrmo35DFTUL7ji/uE8x0/9SUcq7FvYJaehZ00jgzZZ7Zs/fZ6bENkGq/68BTa8S9adFXuTVxIU3If4955gR8Jv4luMWWdcQMFY5z95hkvkO+1C7U2iL5jgGnlacvSMhHIN7lXI67wsaJXV5gHh6UJdSz5vYxVLj1cjyMIiWm2hffJhZ",
            "tags": {},
            "tags_all": {}
          },
          "sensitive_attributes": [],
          "private": "eyJzY2hlbWFfdmVyc2lvbiI6IjEifQ==",
          "dependencies": [
            "tls_private_key.key"
          ]
        }
      ]
    },
    {
      "mode": "managed",
      "type": "aws_nat_gateway",
      "name": "NATgw",
      "provider": "provider[\"registry.terraform.io/hashicorp/aws\"]",
      "instances": [
        {
          "schema_version": 0,
          "attributes": {
            "allocation_id": "eipalloc-0a0c59dde782f383e",
            "connectivity_type": "public",
            "id": "nat-02e7448213696558f",
            "network_interface_id": "eni-09f8aa69f1cf820fc",
            "private_ip": "10.0.1.243",
            "public_ip": "18.224.155.153",
            "subnet_id": "subnet-0e8f0209d0adaf444",
            "tags": {
              "Name": "NAT gw"
            },
            "tags_all": {
              "Name": "NAT gw"
            }
          },
          "sensitive_attributes": [],
          "private": "bnVsbA==",
          "dependencies": [
            "aws_eip.nateIP",
            "aws_subnet.main",
            "aws_vpc.main"
          ]
        }
      ]
    },
    {
      "mode": "managed",
      "type": "aws_route_table",
      "name": "PrivateRT",
      "provider": "provider[\"registry.terraform.io/hashicorp/aws\"]",
      "instances": [
        {
          "schema_version": 0,
          "attributes": {
            "arn": "arn:aws:ec2:us-east-2:885300287765:route-table/rtb-01c0a39155823caa5",
            "id": "rtb-01c0a39155823caa5",
            "owner_id": "885300287765",
            "propagating_vgws": [],
            "route": [
              {
                "carrier_gateway_id": "",
                "cidr_block": "0.0.0.0/0",
                "core_network_arn": "",
                "destination_prefix_list_id": "",
                "egress_only_gateway_id": "",
                "gateway_id": "",
                "instance_id": "",
                "ipv6_cidr_block": "",
                "local_gateway_id": "",
                "nat_gateway_id": "nat-02e7448213696558f",
                "network_interface_id": "",
                "transit_gateway_id": "",
                "vpc_endpoint_id": "",
                "vpc_peering_connection_id": ""
              }
            ],
            "tags": {},
            "tags_all": {},
            "timeouts": null,
            "vpc_id": "vpc-016fb7277d0d9ef67"
          },
          "sensitive_attributes": [],
          "private": "eyJlMmJmYjczMC1lY2FhLTExZTYtOGY4OC0zNDM2M2JjN2M0YzAiOnsiY3JlYXRlIjozMDAwMDAwMDAwMDAsImRlbGV0ZSI6MzAwMDAwMDAwMDAwLCJ1cGRhdGUiOjEyMDAwMDAwMDAwMH19",
          "dependencies": [
            "aws_eip.nateIP",
            "aws_nat_gateway.NATgw",
            "aws_subnet.main",
            "aws_vpc.main"
          ]
        }
      ]
    },
    {
      "mode": "managed",
      "type": "aws_route_table",
      "name": "PublicRT",
      "provider": "provider[\"registry.terraform.io/hashicorp/aws\"]",
      "instances": [
        {
          "schema_version": 0,
          "attributes": {
            "arn": "arn:aws:ec2:us-east-2:885300287765:route-table/rtb-0e5d3d247c86330ed",
            "id": "rtb-0e5d3d247c86330ed",
            "owner_id": "885300287765",
            "propagating_vgws": [],
            "route": [
              {
                "carrier_gateway_id": "",
                "cidr_block": "0.0.0.0/0",
                "core_network_arn": "",
                "destination_prefix_list_id": "",
                "egress_only_gateway_id": "",
                "gateway_id": "igw-0a84d6f27d8a2f094",
                "instance_id": "",
                "ipv6_cidr_block": "",
                "local_gateway_id": "",
                "nat_gateway_id": "",
                "network_interface_id": "",
                "transit_gateway_id": "",
                "vpc_endpoint_id": "",
                "vpc_peering_connection_id": ""
              }
            ],
            "tags": {},
            "tags_all": {},
            "timeouts": null,
            "vpc_id": "vpc-016fb7277d0d9ef67"
          },
          "sensitive_attributes": [],
          "private": "eyJlMmJmYjczMC1lY2FhLTExZTYtOGY4OC0zNDM2M2JjN2M0YzAiOnsiY3JlYXRlIjozMDAwMDAwMDAwMDAsImRlbGV0ZSI6MzAwMDAwMDAwMDAwLCJ1cGRhdGUiOjEyMDAwMDAwMDAwMH19",
          "dependencies": [
            "aws_internet_gateway.gw",
            "aws_vpc.main"
          ]
        }
      ]
    },
    {
      "mode": "managed",
      "type": "aws_route_table_association",
      "name": "PrivateRTassociation",
      "provider": "provider[\"registry.terraform.io/hashicorp/aws\"]",
      "instances": [
        {
          "schema_version": 0,
          "attributes": {
            "gateway_id": "",
            "id": "rtbassoc-08777026d7f52e291",
            "route_table_id": "rtb-01c0a39155823caa5",
            "subnet_id": "subnet-038672d1758e457ce"
          },
          "sensitive_attributes": [],
          "private": "bnVsbA==",
          "dependencies": [
            "aws_eip.nateIP",
            "aws_nat_gateway.NATgw",
            "aws_route_table.PrivateRT",
            "aws_subnet.main",
            "aws_subnet.main_private",
            "aws_vpc.main"
          ]
        }
      ]
    },
    {
      "mode": "managed",
      "type": "aws_route_table_association",
      "name": "PublicRTassociation",
      "provider": "provider[\"registry.terraform.io/hashicorp/aws\"]",
      "instances": [
        {
          "schema_version": 0,
          "attributes": {
            "gateway_id": "",
            "id": "rtbassoc-0d5c7f03315d2af44",
            "route_table_id": "rtb-0e5d3d247c86330ed",
            "subnet_id": "subnet-0e8f0209d0adaf444"
          },
          "sensitive_attributes": [],
          "private": "bnVsbA==",
          "dependencies": [
            "aws_internet_gateway.gw",
            "aws_route_table.PublicRT",
            "aws_subnet.main",
            "aws_vpc.main"
          ]
        }
      ]
    },
    {
      "mode": "managed",
      "type": "aws_security_group",
      "name": "ssh-security-group",
      "provider": "provider[\"registry.terraform.io/hashicorp/aws\"]",
      "instances": [
        {
          "schema_version": 1,
          "attributes": {
            "arn": "arn:aws:ec2:us-east-2:885300287765:security-group/sg-015ce6992bc310407",
            "description": "Enable SSH access on Port 22",
            "egress": [
              {
                "cidr_blocks": [
                  "0.0.0.0/0"
                ],
                "description": "",
                "from_port": 0,
                "ipv6_cidr_blocks": [],
                "prefix_list_ids": [],
                "protocol": "-1",
                "security_groups": [],
                "self": false,
                "to_port": 0
              }
            ],
            "id": "sg-015ce6992bc310407",
            "ingress": [
              {
                "cidr_blocks": [
                  "0.0.0.0/0"
                ],
                "description": "SSH Access",
                "from_port": 22,
                "ipv6_cidr_blocks": [],
                "prefix_list_ids": [],
                "protocol": "tcp",
                "security_groups": [],
                "self": false,
                "to_port": 22
              }
            ],
            "name": "SSH Security Group",
            "name_prefix": "",
            "owner_id": "885300287765",
            "revoke_rules_on_delete": false,
            "tags": {
              "Name": "SSH Security Group"
            },
            "tags_all": {
              "Name": "SSH Security Group"
            },
            "timeouts": null,
            "vpc_id": "vpc-016fb7277d0d9ef67"
          },
          "sensitive_attributes": [],
          "private": "eyJlMmJmYjczMC1lY2FhLTExZTYtOGY4OC0zNDM2M2JjN2M0YzAiOnsiY3JlYXRlIjo2MDAwMDAwMDAwMDAsImRlbGV0ZSI6OTAwMDAwMDAwMDAwfSwic2NoZW1hX3ZlcnNpb24iOiIxIn0=",
          "dependencies": [
            "aws_vpc.main"
          ],
          "create_before_destroy": true
        }
      ]
    },
    {
      "mode": "managed",
      "type": "aws_security_group",
      "name": "webserver-security-group",
      "provider": "provider[\"registry.terraform.io/hashicorp/aws\"]",
      "instances": [
        {
          "schema_version": 1,
          "attributes": {
            "arn": "arn:aws:ec2:us-east-2:885300287765:security-group/sg-043e5028f83be5be1",
            "description": "Enable HTTP/HTTPS access on Port 80/443 via ALB and SSH access on Port 22 via SSH SG",
            "egress": [
              {
                "cidr_blocks": [
                  "0.0.0.0/0"
                ],
                "description": "",
                "from_port": 0,
                "ipv6_cidr_blocks": [],
                "prefix_list_ids": [],
                "protocol": "-1",
                "security_groups": [],
                "self": false,
                "to_port": 0
              }
            ],
            "id": "sg-043e5028f83be5be1",
            "ingress": [
              {
                "cidr_blocks": [],
                "description": "SSH Access",
                "from_port": 22,
                "ipv6_cidr_blocks": [],
                "prefix_list_ids": [],
                "protocol": "tcp",
                "security_groups": [
                  "sg-015ce6992bc310407"
                ],
                "self": false,
                "to_port": 22
              }
            ],
            "name": "Web Server Security Group",
            "name_prefix": "",
            "owner_id": "885300287765",
            "revoke_rules_on_delete": false,
            "tags": {
              "Name": "Web Server Security Group"
            },
            "tags_all": {
              "Name": "Web Server Security Group"
            },
            "timeouts": null,
            "vpc_id": "vpc-016fb7277d0d9ef67"
          },
          "sensitive_attributes": [],
          "private": "eyJlMmJmYjczMC1lY2FhLTExZTYtOGY4OC0zNDM2M2JjN2M0YzAiOnsiY3JlYXRlIjo2MDAwMDAwMDAwMDAsImRlbGV0ZSI6OTAwMDAwMDAwMDAwfSwic2NoZW1hX3ZlcnNpb24iOiIxIn0=",
          "dependencies": [
            "aws_security_group.ssh-security-group",
            "aws_vpc.main"
          ],
          "create_before_destroy": true
        }
      ]
    },
    {
      "mode": "managed",
      "type": "aws_subnet",
      "name": "main",
      "provider": "provider[\"registry.terraform.io/hashicorp/aws\"]",
      "instances": [
        {
          "schema_version": 1,
          "attributes": {
            "arn": "arn:aws:ec2:us-east-2:885300287765:subnet/subnet-0e8f0209d0adaf444",
            "assign_ipv6_address_on_creation": false,
            "availability_zone": "us-east-2b",
            "availability_zone_id": "use2-az2",
            "cidr_block": "10.0.1.0/24",
            "customer_owned_ipv4_pool": "",
            "enable_dns64": false,
            "enable_resource_name_dns_a_record_on_launch": false,
            "enable_resource_name_dns_aaaa_record_on_launch": false,
            "id": "subnet-0e8f0209d0adaf444",
            "ipv6_cidr_block": "",
            "ipv6_cidr_block_association_id": "",
            "ipv6_native": false,
            "map_customer_owned_ip_on_launch": false,
            "map_public_ip_on_launch": false,
            "outpost_arn": "",
            "owner_id": "885300287765",
            "private_dns_hostname_type_on_launch": "ip-name",
            "tags": {
              "Name": "Main"
            },
            "tags_all": {
              "Name": "Main"
            },
            "timeouts": null,
            "vpc_id": "vpc-016fb7277d0d9ef67"
          },
          "sensitive_attributes": [],
          "private": "eyJlMmJmYjczMC1lY2FhLTExZTYtOGY4OC0zNDM2M2JjN2M0YzAiOnsiY3JlYXRlIjo2MDAwMDAwMDAwMDAsImRlbGV0ZSI6MTIwMDAwMDAwMDAwMH0sInNjaGVtYV92ZXJzaW9uIjoiMSJ9",
          "dependencies": [
            "aws_vpc.main"
          ],
          "create_before_destroy": true
        }
      ]
    },
    {
      "mode": "managed",
      "type": "aws_subnet",
      "name": "main_private",
      "provider": "provider[\"registry.terraform.io/hashicorp/aws\"]",
      "instances": [
        {
          "schema_version": 1,
          "attributes": {
            "arn": "arn:aws:ec2:us-east-2:885300287765:subnet/subnet-038672d1758e457ce",
            "assign_ipv6_address_on_creation": false,
            "availability_zone": "us-east-2b",
            "availability_zone_id": "use2-az2",
            "cidr_block": "10.0.2.0/24",
            "customer_owned_ipv4_pool": "",
            "enable_dns64": false,
            "enable_resource_name_dns_a_record_on_launch": false,
            "enable_resource_name_dns_aaaa_record_on_launch": false,
            "id": "subnet-038672d1758e457ce",
            "ipv6_cidr_block": "",
            "ipv6_cidr_block_association_id": "",
            "ipv6_native": false,
            "map_customer_owned_ip_on_launch": false,
            "map_public_ip_on_launch": false,
            "outpost_arn": "",
            "owner_id": "885300287765",
            "private_dns_hostname_type_on_launch": "ip-name",
            "tags": {
              "Name": "Main.Private"
            },
            "tags_all": {
              "Name": "Main.Private"
            },
            "timeouts": null,
            "vpc_id": "vpc-016fb7277d0d9ef67"
          },
          "sensitive_attributes": [],
          "private": "eyJlMmJmYjczMC1lY2FhLTExZTYtOGY4OC0zNDM2M2JjN2M0YzAiOnsiY3JlYXRlIjo2MDAwMDAwMDAwMDAsImRlbGV0ZSI6MTIwMDAwMDAwMDAwMH0sInNjaGVtYV92ZXJzaW9uIjoiMSJ9",
          "dependencies": [
            "aws_vpc.main"
          ],
          "create_before_destroy": true
        }
      ]
    },
    {
      "mode": "managed",
      "type": "aws_vpc",
      "name": "main",
      "provider": "provider[\"registry.terraform.io/hashicorp/aws\"]",
      "instances": [
        {
          "schema_version": 1,
          "attributes": {
            "arn": "arn:aws:ec2:us-east-2:885300287765:vpc/vpc-016fb7277d0d9ef67",
            "assign_generated_ipv6_cidr_block": false,
            "cidr_block": "10.0.0.0/16",
            "default_network_acl_id": "acl-0dbd9febb3006b089",
            "default_route_table_id": "rtb-08d3e38ad94247569",
            "default_security_group_id": "sg-088255c7ce67f567d",
            "dhcp_options_id": "dopt-0a44ae30c69b8db23",
            "enable_classiclink": false,
            "enable_classiclink_dns_support": false,
            "enable_dns_hostnames": false,
            "enable_dns_support": true,
            "id": "vpc-016fb7277d0d9ef67",
            "instance_tenancy": "default",
            "ipv4_ipam_pool_id": null,
            "ipv4_netmask_length": null,
            "ipv6_association_id": "",
            "ipv6_cidr_block": "",
            "ipv6_cidr_block_network_border_group": "",
            "ipv6_ipam_pool_id": "",
            "ipv6_netmask_length": 0,
            "main_route_table_id": "rtb-08d3e38ad94247569",
            "owner_id": "885300287765",
            "tags": {
              "Name": "main"
            },
            "tags_all": {
              "Name": "main"
            }
          },
          "sensitive_attributes": [],
          "private": "eyJzY2hlbWFfdmVyc2lvbiI6IjEifQ==",
          "create_before_destroy": true
        }
      ]
    },
    {
      "mode": "managed",
      "type": "local_file",
      "name": "private_key",
      "provider": "provider[\"registry.terraform.io/hashicorp/local\"]",
      "instances": [
        {
          "schema_version": 0,
          "attributes": {
            "content": null,
            "content_base64": null,
            "directory_permission": "0777",
            "file_permission": "0400",
            "filename": "TEST.pem",
            "id": "0d338fc0e0fbc3ce4c804d20290968f68be130e9",
            "sensitive_content": "-----BEGIN RSA PRIVATE KEY-----\nMIIEpAIBAAKCAQEAptMVnLH5OE0Ihy98BgowewbUCaRE94N98Yxko4m2LfEZGFYW\nJWlxkdxbmc8kDX83MBB1n6FM3DvrNLYs6lr65KOHk4Zp+L6jCVIc02FpVH9z2xiO\nMAHcWMoXZmgA9cxzwtgg4XNhpf7ClgI4UeWhrS9np+T/AWxWkRjZc/865qN+QxU1\nC+44v7hPMdP/UlHKuxb2CWnoWdNI4M2We2bP32emxDZBqv+vAU2vEvWnRV7k1cSF\nNyH+PeeYEfCb+JbjFlnXEDBWOc/eYZL5DvtQu1Noi+Y4Bp5WnL0jIRyDe5VyOu8L\nGiV1eYB4elCXUs+b2MVS49XI8jCIlptoX3yYWQIDAQABAoIBAGsWMthcMmOep2vH\n4nAqGEbQ8kmiJhdQVAc7HNsRql1BV9+UWzD2x81ey3onSrhTQkTbO/YVX7Y7zFcQ\n3jIt5sHf60aa0Om4zgVMrW5PKILyMZeh4pwUhbKFP5IgDwW5kVGw1SKDo1of+B69\nHBQOOMNoG7zdtYffWI5ZijT40IF9xl1oSaEMKPPd99z4TgJIonIh6IZH1nSChuzr\nkcZoJwwAYjbsyQyfncdybjlla4zXbLJhSFuIwoW0XbWQkFuotJ+VWn2ev7rkj18j\njorX8OgP94y+Yw8GlNRhO02erOsi5h6E9naS8pkSB9ooxt0RZ+oo9LAOmjO6lol6\nTrvsilECgYEAzsa5kqC4HKIqqdpECjz4sxIz8iT/5Zsyd/YtVgRwEqrJrSIdQ2uQ\n9arbIh4LsWYK3nDIizWdr5nunNVDkaql7Hq9GurTvZQRcxb7FCMFr4En4IHsJZAf\nN8tTFq6YIdM0Mf/Zz5xyWGHgbcm4FBAW9bJtfbU/q2WtUbZx3ZdGWOUCgYEAzomj\nV7uLPgpd9R0km5WMRutK+LG6WYSfsAqTmjptpFWPWdnkqQWAyFNDe7fgAVwWhjXG\nbZWCWO8VWSg0GkbgO7dXw638b2di9+9v1kc3h0R/WhQzT6QxXTK0Z/bUIaFF/+hB\nmAnF+IOH6gwk9b/R7V401mMD2ua7zjP4GrVzDmUCgYAfVvVXaO6ewGFw/vjjCFy1\nX2PqJnt2hHBAyFoUuHV4DtSkXhBLYKlG4s91u1IQYCPzlOqAVu8AZ3dH4/bqxA+D\n6RJyWvceu6ttYyVI5wn8kLnHiEmPY+mnXjTIskuyjL1TerC7i7208Zi/axxwRgQE\n1zdLH0Z4Jt//C4T0jfIGlQKBgQCuZiSKUW+rTH+4GQqvYaEYxVgCFbkAG+/na5bl\nVU79w82PFmFxo5byEPTbxBEftM3EOCY8pFFznTaOmVcdlRmE8zTlo8WToF4+c20h\nJ/OogdtzibkmF8QjKUySuSa42wBLraetpRsI1K/wnp6a8IVoBPNi0CsSLWEKJnHq\nw6rKzQKBgQCTx9bgK7PWPfj//Cm+39Qnp8yqCTiMRTIvZ+ioa2rZ4SXa/FWqQ8N1\n8INqR0HhcLhVV6Q10IVpQ3E81u4fpsO/qe/jMZwGNv9yd9OS3NX5oymQmu8hbf8P\nnpl0fp6ATuc9L5740vXCE23WXpE6kOEQrBzSy9rDs3xprM0g7eWiqQ==\n-----END RSA PRIVATE KEY-----\n",
            "source": null
          },
          "sensitive_attributes": [
            [
              {
                "type": "get_attr",
                "value": "sensitive_content"
              }
            ]
          ],
          "private": "bnVsbA==",
          "dependencies": [
            "tls_private_key.key"
          ]
        }
      ]
    },
    {
      "mode": "managed",
      "type": "tls_private_key",
      "name": "key",
      "provider": "provider[\"registry.terraform.io/hashicorp/tls\"]",
      "instances": [
        {
          "schema_version": 0,
          "attributes": {
            "algorithm": "RSA",
            "ecdsa_curve": "P224",
            "id": "63dc0b6fe9c48614cd656c577d244c6aeb3c954e",
            "private_key_openssh": "-----BEGIN OPENSSH PRIVATE KEY-----\nb3BlbnNzaC1rZXktdjEAAAAABG5vbmUAAAAEbm9uZQAAAAAAAAABAAABFwAAAAdz\nc2gtcnNhAAAAAwEAAQAAAQEAptMVnLH5OE0Ihy98BgowewbUCaRE94N98Yxko4m2\nLfEZGFYWJWlxkdxbmc8kDX83MBB1n6FM3DvrNLYs6lr65KOHk4Zp+L6jCVIc02Fp\nVH9z2xiOMAHcWMoXZmgA9cxzwtgg4XNhpf7ClgI4UeWhrS9np+T/AWxWkRjZc/86\n5qN+QxU1C+44v7hPMdP/UlHKuxb2CWnoWdNI4M2We2bP32emxDZBqv+vAU2vEvWn\nRV7k1cSFNyH+PeeYEfCb+JbjFlnXEDBWOc/eYZL5DvtQu1Noi+Y4Bp5WnL0jIRyD\ne5VyOu8LGiV1eYB4elCXUs+b2MVS49XI8jCIlptoX3yYWQAAA7iFr2bxha9m8QAA\nAAdzc2gtcnNhAAABAQCm0xWcsfk4TQiHL3wGCjB7BtQJpET3g33xjGSjibYt8RkY\nVhYlaXGR3FuZzyQNfzcwEHWfoUzcO+s0tizqWvrko4eThmn4vqMJUhzTYWlUf3Pb\nGI4wAdxYyhdmaAD1zHPC2CDhc2Gl/sKWAjhR5aGtL2en5P8BbFaRGNlz/zrmo35D\nFTUL7ji/uE8x0/9SUcq7FvYJaehZ00jgzZZ7Zs/fZ6bENkGq/68BTa8S9adFXuTV\nxIU3If4955gR8Jv4luMWWdcQMFY5z95hkvkO+1C7U2iL5jgGnlacvSMhHIN7lXI6\n7wsaJXV5gHh6UJdSz5vYxVLj1cjyMIiWm2hffJhZAAAAAwEAAQAAAQBrFjLYXDJj\nnqdrx+JwKhhG0PJJoiYXUFQHOxzbEapdQVfflFsw9sfNXst6J0q4U0JE2zv2FV+2\nO8xXEN4yLebB3+tGmtDpuM4FTK1uTyiC8jGXoeKcFIWyhT+SIA8FuZFRsNUig6Na\nH/gevRwUDjjDaBu83bWH31iOWYo0+NCBfcZdaEmhDCjz3ffc+E4CSKJyIeiGR9Z0\ngobs65HGaCcMAGI27MkMn53Hcm45ZWuM12yyYUhbiMKFtF21kJBbqLSflVp9nr+6\n5I9fI46K1/DoD/eMvmMPBpTUYTtNnqzrIuYehPZ2kvKZEgfaKMbdEWfqKPSwDpoz\nupaJek677IpRAAAAgQCTx9bgK7PWPfj//Cm+39Qnp8yqCTiMRTIvZ+ioa2rZ4SXa\n/FWqQ8N18INqR0HhcLhVV6Q10IVpQ3E81u4fpsO/qe/jMZwGNv9yd9OS3NX5oymQ\nmu8hbf8Pnpl0fp6ATuc9L5740vXCE23WXpE6kOEQrBzSy9rDs3xprM0g7eWiqQAA\nAIEAzsa5kqC4HKIqqdpECjz4sxIz8iT/5Zsyd/YtVgRwEqrJrSIdQ2uQ9arbIh4L\nsWYK3nDIizWdr5nunNVDkaql7Hq9GurTvZQRcxb7FCMFr4En4IHsJZAfN8tTFq6Y\nIdM0Mf/Zz5xyWGHgbcm4FBAW9bJtfbU/q2WtUbZx3ZdGWOUAAACBAM6Jo1e7iz4K\nXfUdJJuVjEbrSvixulmEn7AKk5o6baRVj1nZ5KkFgMhTQ3u34AFcFoY1xm2Vgljv\nFVkoNBpG4Du3V8Ot/G9nYvfvb9ZHN4dEf1oUM0+kMV0ytGf21CGhRf/oQZgJxfiD\nh+oMJPW/0e1eNNZjA9rmu84z+Bq1cw5lAAAAAAEC\n-----END OPENSSH PRIVATE KEY-----\n",
            "private_key_pem": "-----BEGIN RSA PRIVATE KEY-----\nMIIEpAIBAAKCAQEAptMVnLH5OE0Ihy98BgowewbUCaRE94N98Yxko4m2LfEZGFYW\nJWlxkdxbmc8kDX83MBB1n6FM3DvrNLYs6lr65KOHk4Zp+L6jCVIc02FpVH9z2xiO\nMAHcWMoXZmgA9cxzwtgg4XNhpf7ClgI4UeWhrS9np+T/AWxWkRjZc/865qN+QxU1\nC+44v7hPMdP/UlHKuxb2CWnoWdNI4M2We2bP32emxDZBqv+vAU2vEvWnRV7k1cSF\nNyH+PeeYEfCb+JbjFlnXEDBWOc/eYZL5DvtQu1Noi+Y4Bp5WnL0jIRyDe5VyOu8L\nGiV1eYB4elCXUs+b2MVS49XI8jCIlptoX3yYWQIDAQABAoIBAGsWMthcMmOep2vH\n4nAqGEbQ8kmiJhdQVAc7HNsRql1BV9+UWzD2x81ey3onSrhTQkTbO/YVX7Y7zFcQ\n3jIt5sHf60aa0Om4zgVMrW5PKILyMZeh4pwUhbKFP5IgDwW5kVGw1SKDo1of+B69\nHBQOOMNoG7zdtYffWI5ZijT40IF9xl1oSaEMKPPd99z4TgJIonIh6IZH1nSChuzr\nkcZoJwwAYjbsyQyfncdybjlla4zXbLJhSFuIwoW0XbWQkFuotJ+VWn2ev7rkj18j\njorX8OgP94y+Yw8GlNRhO02erOsi5h6E9naS8pkSB9ooxt0RZ+oo9LAOmjO6lol6\nTrvsilECgYEAzsa5kqC4HKIqqdpECjz4sxIz8iT/5Zsyd/YtVgRwEqrJrSIdQ2uQ\n9arbIh4LsWYK3nDIizWdr5nunNVDkaql7Hq9GurTvZQRcxb7FCMFr4En4IHsJZAf\nN8tTFq6YIdM0Mf/Zz5xyWGHgbcm4FBAW9bJtfbU/q2WtUbZx3ZdGWOUCgYEAzomj\nV7uLPgpd9R0km5WMRutK+LG6WYSfsAqTmjptpFWPWdnkqQWAyFNDe7fgAVwWhjXG\nbZWCWO8VWSg0GkbgO7dXw638b2di9+9v1kc3h0R/WhQzT6QxXTK0Z/bUIaFF/+hB\nmAnF+IOH6gwk9b/R7V401mMD2ua7zjP4GrVzDmUCgYAfVvVXaO6ewGFw/vjjCFy1\nX2PqJnt2hHBAyFoUuHV4DtSkXhBLYKlG4s91u1IQYCPzlOqAVu8AZ3dH4/bqxA+D\n6RJyWvceu6ttYyVI5wn8kLnHiEmPY+mnXjTIskuyjL1TerC7i7208Zi/axxwRgQE\n1zdLH0Z4Jt//C4T0jfIGlQKBgQCuZiSKUW+rTH+4GQqvYaEYxVgCFbkAG+/na5bl\nVU79w82PFmFxo5byEPTbxBEftM3EOCY8pFFznTaOmVcdlRmE8zTlo8WToF4+c20h\nJ/OogdtzibkmF8QjKUySuSa42wBLraetpRsI1K/wnp6a8IVoBPNi0CsSLWEKJnHq\nw6rKzQKBgQCTx9bgK7PWPfj//Cm+39Qnp8yqCTiMRTIvZ+ioa2rZ4SXa/FWqQ8N1\n8INqR0HhcLhVV6Q10IVpQ3E81u4fpsO/qe/jMZwGNv9yd9OS3NX5oymQmu8hbf8P\nnpl0fp6ATuc9L5740vXCE23WXpE6kOEQrBzSy9rDs3xprM0g7eWiqQ==\n-----END RSA PRIVATE KEY-----\n",
            "public_key_fingerprint_md5": "fb:59:a5:fd:c1:22:20:54:b8:6b:c1:0c:2b:56:db:71",
            "public_key_fingerprint_sha256": "SHA256:Qj8SBp8C0leENAZMRhENestZFHrAU11fRWEAZOgM9V0",
            "public_key_openssh": "ssh-rsa AAAAB3NzaC1yc2EAAAADAQABAAABAQCm0xWcsfk4TQiHL3wGCjB7BtQJpET3g33xjGSjibYt8RkYVhYlaXGR3FuZzyQNfzcwEHWfoUzcO+s0tizqWvrko4eThmn4vqMJUhzTYWlUf3PbGI4wAdxYyhdmaAD1zHPC2CDhc2Gl/sKWAjhR5aGtL2en5P8BbFaRGNlz/zrmo35DFTUL7ji/uE8x0/9SUcq7FvYJaehZ00jgzZZ7Zs/fZ6bENkGq/68BTa8S9adFXuTVxIU3If4955gR8Jv4luMWWdcQMFY5z95hkvkO+1C7U2iL5jgGnlacvSMhHIN7lXI67wsaJXV5gHh6UJdSz5vYxVLj1cjyMIiWm2hffJhZ\n",
            "public_key_pem": "-----BEGIN PUBLIC KEY-----\nMIIBIjANBgkqhkiG9w0BAQEFAAOCAQ8AMIIBCgKCAQEAptMVnLH5OE0Ihy98Bgow\newbUCaRE94N98Yxko4m2LfEZGFYWJWlxkdxbmc8kDX83MBB1n6FM3DvrNLYs6lr6\n5KOHk4Zp+L6jCVIc02FpVH9z2xiOMAHcWMoXZmgA9cxzwtgg4XNhpf7ClgI4UeWh\nrS9np+T/AWxWkRjZc/865qN+QxU1C+44v7hPMdP/UlHKuxb2CWnoWdNI4M2We2bP\n32emxDZBqv+vAU2vEvWnRV7k1cSFNyH+PeeYEfCb+JbjFlnXEDBWOc/eYZL5DvtQ\nu1Noi+Y4Bp5WnL0jIRyDe5VyOu8LGiV1eYB4elCXUs+b2MVS49XI8jCIlptoX3yY\nWQIDAQAB\n-----END PUBLIC KEY-----\n",
            "rsa_bits": 2048
          },
          "sensitive_attributes": [],
          "private": "bnVsbA=="
        }
      ]
    }
  ]
}
